
Microsoft Visual Studio Solution File, Format Version 11.00
# Visual Studio 2010
Project("{FAE04EC0-301F-11D3-BF4B-00C04F79EFBC}") = "Assembly-CSharp", "Assembly-CSharp.csproj", "{94E2563B-3C67-579A-08D8-F556F67E12E9}"
EndProject
Project("{FAE04EC0-301F-11D3-BF4B-00C04F79EFBC}") = "Assembly-CSharp-Editor", "Assembly-CSharp-Editor.csproj", "{0A24F0A9-76B2-31E1-CE94-F367541B165E}"
EndProject
Global
	GlobalSection(SolutionConfigurationPlatforms) = preSolution
		Debug|Any CPU = Debug|Any CPU
		Release|Any CPU = Release|Any CPU
	EndGlobalSection
	GlobalSection(ProjectConfigurationPlatforms) = postSolution
		{94E2563B-3C67-579A-08D8-F556F67E12E9}.Debug|Any CPU.ActiveCfg = Debug|Any CPU
		{94E2563B-3C67-579A-08D8-F556F67E12E9}.Debug|Any CPU.Build.0 = Debug|Any CPU
		{94E2563B-3C67-579A-08D8-F556F67E12E9}.Release|Any CPU.ActiveCfg = Release|Any CPU
		{94E2563B-3C67-579A-08D8-F556F67E12E9}.Release|Any CPU.Build.0 = Release|Any CPU
		{0A24F0A9-76B2-31E1-CE94-F367541B165E}.Debug|Any CPU.ActiveCfg = Debug|Any CPU
		{0A24F0A9-76B2-31E1-CE94-F367541B165E}.Debug|Any CPU.Build.0 = Debug|Any CPU
		{0A24F0A9-76B2-31E1-CE94-F367541B165E}.Release|Any CPU.ActiveCfg = Release|Any CPU
		{0A24F0A9-76B2-31E1-CE94-F367541B165E}.Release|Any CPU.Build.0 = Release|Any CPU
	EndGlobalSection
	GlobalSection(SolutionProperties) = preSolution
		HideSolutionNode = FALSE
	EndGlobalSection
	GlobalSection(MonoDevelopProperties) = preSolution
		StartupItem = Assembly-CSharp.csproj
	EndGlobalSection
EndGlobal
